# This file is autogenerated, do not edit; changes may be undone by the next 'dep ensure'.


[[projects]]
  branch = "master"
  name = "github.com/ammario/ipisp"
  packages = ["."]
  revision = "77157c3617828d8201f65d4e203c35fdc8e0a205"

[[projects]]
  branch = "master"
  name = "github.com/bhendo/awsipranges"
  packages = ["."]
  revision = "91b4529c53d278bdfc46d36e0128003cbbf7888d"

[[projects]]
  name = "github.com/jedib0t/go-pretty"
  packages = [
    "table",
    "text"
  ]
  revision = "a37e1e030434d93557ca8a6a77b4cf9d31cc21ff"
  version = "v4.0.2"

[[projects]]
  name = "github.com/pkg/errors"
  packages = ["."]
  revision = "ba968bfe8b2f7e042a574c888954fccecfa385b4"
  version = "v0.8.1"

[[projects]]
  branch = "master"
  name = "golang.org/x/sys"
  packages = ["windows"]
  revision = "7ae0202eb74c2b534255c71b5a15fa4115aabbcc"

[solve-meta]
  analyzer-name = "dep"
  analyzer-version = 1
  inputs-digest = "b18941f83d2a0ce9a16aedc740282111baed825a53704085f6aec4c09cd09a14"
  solver-name = "gps-cdcl"
  solver-version = 1
